
Microsoft Visual Studio Solution File, Format Version 12.00
# Visual Studio 15
VisualStudioVersion = 15.0.27703.2035
MinimumVisualStudioVersion = 10.0.40219.1
Project("{9A19103F-16F7-4668-BE54-9A1E7A4F7556}") = "MI.Untity", "MI.Untity\MI.Untity.csproj", "{B5403947-2331-4071-A3D7-DF0118397851}"
EndProject
Project("{2150E333-8FDC-42A3-9474-1A3956D46DE8}") = "EventBus_RabbitMQ", "EventBus_RabbitMQ", "{C6C1D076-1DF7-46C7-BB22-ED193ED3968D}"
EndProject
Project("{9A19103F-16F7-4668-BE54-9A1E7A4F7556}") = "EventBus", "EventBus\EventBus.csproj", "{1F3B0C40-3052-4764-8B7B-CC96AB9C439E}"
EndProject
Project("{9A19103F-16F7-4668-BE54-9A1E7A4F7556}") = "EventBusRabbitMQ", "EventBusRabbitMQ\EventBusRabbitMQ.csproj", "{7AF0936E-B642-4827-ADF0-418ABF73BE3F}"
EndProject
Project("{2150E333-8FDC-42A3-9474-1A3956D46DE8}") = "APIClientService", "APIClientService", "{740EBDA5-AE7D-444A-9A7E-5CD72A949B1D}"
EndProject
Project("{9A19103F-16F7-4668-BE54-9A1E7A4F7556}") = "MI.APIClientService", "MI.APIClientService\MI.APIClientService.csproj", "{80BA3BDF-C496-4DF4-9F76-4E7EE71FC7BC}"
EndProject
Project("{9A19103F-16F7-4668-BE54-9A1E7A4F7556}") = "MI.MessageQueue", "MI.MessageQueue\MI.MessageQueue.csproj", "{8C6EBAC7-2973-4CD8-B301-02D1F03505C0}"
EndProject
Project("{9A19103F-16F7-4668-BE54-9A1E7A4F7556}") = "MI", "MI\MI.csproj", "{1F963A0F-840E-4333-8407-0AA22C2234F2}"
EndProject
Project("{9A19103F-16F7-4668-BE54-9A1E7A4F7556}") = "MI.Metrics", "MI.Metrics\MI.Metrics.csproj", "{FB41565C-2BBB-4D2F-8D18-CEAD9887195A}"
EndProject
Project("{9A19103F-16F7-4668-BE54-9A1E7A4F7556}") = "MI.Service", "MI.Service\MI.Service.csproj", "{C994B222-BC6C-447F-A64F-6E82BF6AB782}"
EndProject
Project("{9A19103F-16F7-4668-BE54-9A1E7A4F7556}") = "MI.MessageQueue.Test", "MI.MessageQueue.Test\MI.MessageQueue.Test.csproj", "{BE1B434D-F6B4-4DFC-8B34-0A16D3AD4DEA}"
EndProject
Project("{2150E333-8FDC-42A3-9474-1A3956D46DE8}") = "EFCore", "EFCore", "{3BD40D3F-2D01-46C6-8960-4EB358B6D290}"
EndProject
Project("{9A19103F-16F7-4668-BE54-9A1E7A4F7556}") = "MI.EF.Core", "MI.EF.Core\MI.EF.Core.csproj", "{546F66E0-DE03-4A1E-A41D-E743C43395F9}"
EndProject
Project("{9A19103F-16F7-4668-BE54-9A1E7A4F7556}") = "MI.Component.Core", "MI.Component.Core\MI.Component.Core.csproj", "{49D92374-10D4-4A61-B773-C76BA2AE9570}"
EndProject
Project("{9A19103F-16F7-4668-BE54-9A1E7A4F7556}") = "MI.EF.Core.WebTest", "MI.EF.Core.WebTest\MI.EF.Core.WebTest.csproj", "{A40E17FF-12C0-43B7-B56D-EF2D8BFA1DB2}"
EndProject
Project("{9A19103F-16F7-4668-BE54-9A1E7A4F7556}") = "MI.Component.EF.MySql.Core", "MI.Component.EF.MySql.Core\MI.Component.EF.MySql.Core.csproj", "{FA8A1DA9-633D-45F0-B1F2-9AF416CE8F32}"
EndProject
Project("{9A19103F-16F7-4668-BE54-9A1E7A4F7556}") = "MI.EF.Core.MySql.Test", "MI.EF.Core.MySql.Test\MI.EF.Core.MySql.Test.csproj", "{CF5ABCD6-5D34-48F6-914F-F01F54884D83}"
EndProject
Project("{9A19103F-16F7-4668-BE54-9A1E7A4F7556}") = "ServiceClient", "ServiceClient\ServiceClient.csproj", "{1FE22781-3109-46C3-897B-CA3A44C54D71}"
EndProject
Project("{9A19103F-16F7-4668-BE54-9A1E7A4F7556}") = "MI.Core", "MI.Core\MI.Core.csproj", "{AF1ACF9C-1AF0-4DEB-8FD8-668249697AF9}"
EndProject
Project("{9A19103F-16F7-4668-BE54-9A1E7A4F7556}") = "MI.Core.Test", "MI.Core.Test\MI.Core.Test.csproj", "{4C38A5AC-967B-4C80-9682-3B16D4C1AD09}"
EndProject
Project("{9A19103F-16F7-4668-BE54-9A1E7A4F7556}") = "MI.Web", "MI.Web\MI.Web.csproj", "{43AD0FD2-E151-4CB7-B3CF-E90172E90D07}"
EndProject
Project("{2150E333-8FDC-42A3-9474-1A3956D46DE8}") = "Library", "Library", "{0223F0D9-3830-48D9-9797-AAC90A296197}"
EndProject
Project("{9A19103F-16F7-4668-BE54-9A1E7A4F7556}") = "MI.Library.Integration.AspNetCore", "MI.Library.Integration.AspNetCore\MI.Library.Integration.AspNetCore.csproj", "{8866D9A2-6528-4DB2-B266-0CA0DA64D992}"
EndProject
Project("{FAE04EC0-301F-11D3-BF4B-00C04F79EFBC}") = "MI.AspNetCore", "MI.AspNetCore\MI.AspNetCore.csproj", "{E9161707-B10A-4AD1-BFA9-AC153082A1E5}"
EndProject
Global
	GlobalSection(SolutionConfigurationPlatforms) = preSolution
		Debug|Any CPU = Debug|Any CPU
		Release|Any CPU = Release|Any CPU
	EndGlobalSection
	GlobalSection(ProjectConfigurationPlatforms) = postSolution
		{B5403947-2331-4071-A3D7-DF0118397851}.Debug|Any CPU.ActiveCfg = Debug|Any CPU
		{B5403947-2331-4071-A3D7-DF0118397851}.Debug|Any CPU.Build.0 = Debug|Any CPU
		{B5403947-2331-4071-A3D7-DF0118397851}.Release|Any CPU.ActiveCfg = Release|Any CPU
		{B5403947-2331-4071-A3D7-DF0118397851}.Release|Any CPU.Build.0 = Release|Any CPU
		{1F3B0C40-3052-4764-8B7B-CC96AB9C439E}.Debug|Any CPU.ActiveCfg = Debug|Any CPU
		{1F3B0C40-3052-4764-8B7B-CC96AB9C439E}.Debug|Any CPU.Build.0 = Debug|Any CPU
		{1F3B0C40-3052-4764-8B7B-CC96AB9C439E}.Release|Any CPU.ActiveCfg = Release|Any CPU
		{1F3B0C40-3052-4764-8B7B-CC96AB9C439E}.Release|Any CPU.Build.0 = Release|Any CPU
		{7AF0936E-B642-4827-ADF0-418ABF73BE3F}.Debug|Any CPU.ActiveCfg = Debug|Any CPU
		{7AF0936E-B642-4827-ADF0-418ABF73BE3F}.Debug|Any CPU.Build.0 = Debug|Any CPU
		{7AF0936E-B642-4827-ADF0-418ABF73BE3F}.Release|Any CPU.ActiveCfg = Release|Any CPU
		{7AF0936E-B642-4827-ADF0-418ABF73BE3F}.Release|Any CPU.Build.0 = Release|Any CPU
		{80BA3BDF-C496-4DF4-9F76-4E7EE71FC7BC}.Debug|Any CPU.ActiveCfg = Debug|Any CPU
		{80BA3BDF-C496-4DF4-9F76-4E7EE71FC7BC}.Debug|Any CPU.Build.0 = Debug|Any CPU
		{80BA3BDF-C496-4DF4-9F76-4E7EE71FC7BC}.Release|Any CPU.ActiveCfg = Release|Any CPU
		{80BA3BDF-C496-4DF4-9F76-4E7EE71FC7BC}.Release|Any CPU.Build.0 = Release|Any CPU
		{8C6EBAC7-2973-4CD8-B301-02D1F03505C0}.Debug|Any CPU.ActiveCfg = Debug|Any CPU
		{8C6EBAC7-2973-4CD8-B301-02D1F03505C0}.Debug|Any CPU.Build.0 = Debug|Any CPU
		{8C6EBAC7-2973-4CD8-B301-02D1F03505C0}.Release|Any CPU.ActiveCfg = Release|Any CPU
		{8C6EBAC7-2973-4CD8-B301-02D1F03505C0}.Release|Any CPU.Build.0 = Release|Any CPU
		{1F963A0F-840E-4333-8407-0AA22C2234F2}.Debug|Any CPU.ActiveCfg = Debug|Any CPU
		{1F963A0F-840E-4333-8407-0AA22C2234F2}.Debug|Any CPU.Build.0 = Debug|Any CPU
		{1F963A0F-840E-4333-8407-0AA22C2234F2}.Release|Any CPU.ActiveCfg = Release|Any CPU
		{1F963A0F-840E-4333-8407-0AA22C2234F2}.Release|Any CPU.Build.0 = Release|Any CPU
		{FB41565C-2BBB-4D2F-8D18-CEAD9887195A}.Debug|Any CPU.ActiveCfg = Debug|Any CPU
		{FB41565C-2BBB-4D2F-8D18-CEAD9887195A}.Debug|Any CPU.Build.0 = Debug|Any CPU
		{FB41565C-2BBB-4D2F-8D18-CEAD9887195A}.Release|Any CPU.ActiveCfg = Release|Any CPU
		{FB41565C-2BBB-4D2F-8D18-CEAD9887195A}.Release|Any CPU.Build.0 = Release|Any CPU
		{C994B222-BC6C-447F-A64F-6E82BF6AB782}.Debug|Any CPU.ActiveCfg = Debug|Any CPU
		{C994B222-BC6C-447F-A64F-6E82BF6AB782}.Debug|Any CPU.Build.0 = Debug|Any CPU
		{C994B222-BC6C-447F-A64F-6E82BF6AB782}.Release|Any CPU.ActiveCfg = Release|Any CPU
		{C994B222-BC6C-447F-A64F-6E82BF6AB782}.Release|Any CPU.Build.0 = Release|Any CPU
		{BE1B434D-F6B4-4DFC-8B34-0A16D3AD4DEA}.Debug|Any CPU.ActiveCfg = Debug|Any CPU
		{BE1B434D-F6B4-4DFC-8B34-0A16D3AD4DEA}.Debug|Any CPU.Build.0 = Debug|Any CPU
		{BE1B434D-F6B4-4DFC-8B34-0A16D3AD4DEA}.Release|Any CPU.ActiveCfg = Release|Any CPU
		{BE1B434D-F6B4-4DFC-8B34-0A16D3AD4DEA}.Release|Any CPU.Build.0 = Release|Any CPU
		{546F66E0-DE03-4A1E-A41D-E743C43395F9}.Debug|Any CPU.ActiveCfg = Debug|Any CPU
		{546F66E0-DE03-4A1E-A41D-E743C43395F9}.Debug|Any CPU.Build.0 = Debug|Any CPU
		{546F66E0-DE03-4A1E-A41D-E743C43395F9}.Release|Any CPU.ActiveCfg = Release|Any CPU
		{546F66E0-DE03-4A1E-A41D-E743C43395F9}.Release|Any CPU.Build.0 = Release|Any CPU
		{49D92374-10D4-4A61-B773-C76BA2AE9570}.Debug|Any CPU.ActiveCfg = Debug|Any CPU
		{49D92374-10D4-4A61-B773-C76BA2AE9570}.Debug|Any CPU.Build.0 = Debug|Any CPU
		{49D92374-10D4-4A61-B773-C76BA2AE9570}.Release|Any CPU.ActiveCfg = Release|Any CPU
		{49D92374-10D4-4A61-B773-C76BA2AE9570}.Release|Any CPU.Build.0 = Release|Any CPU
		{A40E17FF-12C0-43B7-B56D-EF2D8BFA1DB2}.Debug|Any CPU.ActiveCfg = Debug|Any CPU
		{A40E17FF-12C0-43B7-B56D-EF2D8BFA1DB2}.Debug|Any CPU.Build.0 = Debug|Any CPU
		{A40E17FF-12C0-43B7-B56D-EF2D8BFA1DB2}.Release|Any CPU.ActiveCfg = Release|Any CPU
		{A40E17FF-12C0-43B7-B56D-EF2D8BFA1DB2}.Release|Any CPU.Build.0 = Release|Any CPU
		{FA8A1DA9-633D-45F0-B1F2-9AF416CE8F32}.Debug|Any CPU.ActiveCfg = Debug|Any CPU
		{FA8A1DA9-633D-45F0-B1F2-9AF416CE8F32}.Debug|Any CPU.Build.0 = Debug|Any CPU
		{FA8A1DA9-633D-45F0-B1F2-9AF416CE8F32}.Release|Any CPU.ActiveCfg = Release|Any CPU
		{FA8A1DA9-633D-45F0-B1F2-9AF416CE8F32}.Release|Any CPU.Build.0 = Release|Any CPU
		{CF5ABCD6-5D34-48F6-914F-F01F54884D83}.Debug|Any CPU.ActiveCfg = Debug|Any CPU
		{CF5ABCD6-5D34-48F6-914F-F01F54884D83}.Debug|Any CPU.Build.0 = Debug|Any CPU
		{CF5ABCD6-5D34-48F6-914F-F01F54884D83}.Release|Any CPU.ActiveCfg = Release|Any CPU
		{CF5ABCD6-5D34-48F6-914F-F01F54884D83}.Release|Any CPU.Build.0 = Release|Any CPU
		{1FE22781-3109-46C3-897B-CA3A44C54D71}.Debug|Any CPU.ActiveCfg = Debug|Any CPU
		{1FE22781-3109-46C3-897B-CA3A44C54D71}.Debug|Any CPU.Build.0 = Debug|Any CPU
		{1FE22781-3109-46C3-897B-CA3A44C54D71}.Release|Any CPU.ActiveCfg = Release|Any CPU
		{1FE22781-3109-46C3-897B-CA3A44C54D71}.Release|Any CPU.Build.0 = Release|Any CPU
		{AF1ACF9C-1AF0-4DEB-8FD8-668249697AF9}.Debug|Any CPU.ActiveCfg = Debug|Any CPU
		{AF1ACF9C-1AF0-4DEB-8FD8-668249697AF9}.Debug|Any CPU.Build.0 = Debug|Any CPU
		{AF1ACF9C-1AF0-4DEB-8FD8-668249697AF9}.Release|Any CPU.ActiveCfg = Release|Any CPU
		{AF1ACF9C-1AF0-4DEB-8FD8-668249697AF9}.Release|Any CPU.Build.0 = Release|Any CPU
		{4C38A5AC-967B-4C80-9682-3B16D4C1AD09}.Debug|Any CPU.ActiveCfg = Debug|Any CPU
		{4C38A5AC-967B-4C80-9682-3B16D4C1AD09}.Debug|Any CPU.Build.0 = Debug|Any CPU
		{4C38A5AC-967B-4C80-9682-3B16D4C1AD09}.Release|Any CPU.ActiveCfg = Release|Any CPU
		{4C38A5AC-967B-4C80-9682-3B16D4C1AD09}.Release|Any CPU.Build.0 = Release|Any CPU
		{43AD0FD2-E151-4CB7-B3CF-E90172E90D07}.Debug|Any CPU.ActiveCfg = Debug|Any CPU
		{43AD0FD2-E151-4CB7-B3CF-E90172E90D07}.Debug|Any CPU.Build.0 = Debug|Any CPU
		{43AD0FD2-E151-4CB7-B3CF-E90172E90D07}.Release|Any CPU.ActiveCfg = Release|Any CPU
		{43AD0FD2-E151-4CB7-B3CF-E90172E90D07}.Release|Any CPU.Build.0 = Release|Any CPU
		{8866D9A2-6528-4DB2-B266-0CA0DA64D992}.Debug|Any CPU.ActiveCfg = Debug|Any CPU
		{8866D9A2-6528-4DB2-B266-0CA0DA64D992}.Debug|Any CPU.Build.0 = Debug|Any CPU
		{8866D9A2-6528-4DB2-B266-0CA0DA64D992}.Release|Any CPU.ActiveCfg = Release|Any CPU
		{8866D9A2-6528-4DB2-B266-0CA0DA64D992}.Release|Any CPU.Build.0 = Release|Any CPU
		{E9161707-B10A-4AD1-BFA9-AC153082A1E5}.Debug|Any CPU.ActiveCfg = Debug|Any CPU
		{E9161707-B10A-4AD1-BFA9-AC153082A1E5}.Debug|Any CPU.Build.0 = Debug|Any CPU
		{E9161707-B10A-4AD1-BFA9-AC153082A1E5}.Release|Any CPU.ActiveCfg = Release|Any CPU
		{E9161707-B10A-4AD1-BFA9-AC153082A1E5}.Release|Any CPU.Build.0 = Release|Any CPU
	EndGlobalSection
	GlobalSection(SolutionProperties) = preSolution
		HideSolutionNode = FALSE
	EndGlobalSection
	GlobalSection(NestedProjects) = preSolution
		{1F3B0C40-3052-4764-8B7B-CC96AB9C439E} = {C6C1D076-1DF7-46C7-BB22-ED193ED3968D}
		{7AF0936E-B642-4827-ADF0-418ABF73BE3F} = {C6C1D076-1DF7-46C7-BB22-ED193ED3968D}
		{80BA3BDF-C496-4DF4-9F76-4E7EE71FC7BC} = {740EBDA5-AE7D-444A-9A7E-5CD72A949B1D}
		{546F66E0-DE03-4A1E-A41D-E743C43395F9} = {3BD40D3F-2D01-46C6-8960-4EB358B6D290}
		{FA8A1DA9-633D-45F0-B1F2-9AF416CE8F32} = {3BD40D3F-2D01-46C6-8960-4EB358B6D290}
		{8866D9A2-6528-4DB2-B266-0CA0DA64D992} = {0223F0D9-3830-48D9-9797-AAC90A296197}
	EndGlobalSection
	GlobalSection(ExtensibilityGlobals) = postSolution
		SolutionGuid = {CDA097DE-62C4-4E84-A065-330832A07D96}
	EndGlobalSection
EndGlobal
